
Microsoft Visual Studio Solution File, Format Version 12.00
# Visual Studio Version 17
VisualStudioVersion = 17.4.33213.308
MinimumVisualStudioVersion = 10.0.40219.1
Project("{FAE04EC0-301F-11D3-BF4B-00C04F79EFBC}") = "TODO App", "TODO App\TODO App.csproj", "{B7DC3447-8886-4BF1-A814-6B65E2DFA26E}"
EndProject
Global
	GlobalSection(SolutionConfigurationPlatforms) = preSolution
		Debug|Any CPU = Debug|Any CPU
		Release|Any CPU = Release|Any CPU
	EndGlobalSection
	GlobalSection(ProjectConfigurationPlatforms) = postSolution
		{B7DC3447-8886-4BF1-A814-6B65E2DFA26E}.Debug|Any CPU.ActiveCfg = Debug|Any CPU
		{B7DC3447-8886-4BF1-A814-6B65E2DFA26E}.Debug|Any CPU.Build.0 = Debug|Any CPU
		{B7DC3447-8886-4BF1-A814-6B65E2DFA26E}.Release|Any CPU.ActiveCfg = Release|Any CPU
		{B7DC3447-8886-4BF1-A814-6B65E2DFA26E}.Release|Any CPU.Build.0 = Release|Any CPU
	EndGlobalSection
	GlobalSection(SolutionProperties) = preSolution
		HideSolutionNode = FALSE
	EndGlobalSection
	GlobalSection(ExtensibilityGlobals) = postSolution
		SolutionGuid = {AB61FE3D-16B0-4D59-BD28-B0BF832FBFCA}
	EndGlobalSection
EndGlobal
